
Microsoft Visual Studio Solution File, Format Version 12.00
# Visual Studio Version 17
VisualStudioVersion = 17.11.35327.3
MinimumVisualStudioVersion = 10.0.40219.1
Project("{FAE04EC0-301F-11D3-BF4B-00C04F79EFBC}") = "Diagram", "Diagram\Diagram.csproj", "{00C2B72A-5BB1-4A28-9193-A6B8989DC96E}"
EndProject
Global
	GlobalSection(SolutionConfigurationPlatforms) = preSolution
		Debug|Any CPU = Debug|Any CPU
		Release|Any CPU = Release|Any CPU
	EndGlobalSection
	GlobalSection(ProjectConfigurationPlatforms) = postSolution
		{00C2B72A-5BB1-4A28-9193-A6B8989DC96E}.Debug|Any CPU.ActiveCfg = Debug|Any CPU
		{00C2B72A-5BB1-4A28-9193-A6B8989DC96E}.Debug|Any CPU.Build.0 = Debug|Any CPU
		{00C2B72A-5BB1-4A28-9193-A6B8989DC96E}.Release|Any CPU.ActiveCfg = Release|Any CPU
		{00C2B72A-5BB1-4A28-9193-A6B8989DC96E}.Release|Any CPU.Build.0 = Release|Any CPU
	EndGlobalSection
	GlobalSection(SolutionProperties) = preSolution
		HideSolutionNode = FALSE
	EndGlobalSection
	GlobalSection(ExtensibilityGlobals) = postSolution
		SolutionGuid = {A1945DB6-2128-452A-A3AC-4C490A9C9CE0}
	EndGlobalSection
EndGlobal
